github.com/coder/websocket v1.8.15 h1:6B2JPeOGlpff2Uz6vOEH1Vzpi0iUz20A+lPVhPHtNUA=
github.com/coder/websocket v1.8.15/go.mod h1:NX3SzP+inril6yawo5CQXx8+fk145lPDC6pumgx0mVg=
github.com/feightree/gocpp v1.0.1 h1:smjptoA2T+KTsKLJGKYxDyQepzpi8Pa/PEsCnFlY/1w=
github.com/feightree/gocpp v1.0.1/go.mod h1:epKYMjfJnzYtdlZQUiS9eUErw/DO6OhSDaVWUAr/XnA=
